
Microsoft Visual Studio Solution File, Format Version 12.00
# Visual Studio Version 16
VisualStudioVersion = 16.0.28705.295
MinimumVisualStudioVersion = 15.0.26124.0
Project("{9A19103F-16F7-4668-BE54-9A1E7A4F7556}") = "Coyote.NETCore", "CoyoteNETCore.Runner\Coyote.NETCore.csproj", "{2CC31A68-1E0D-476B-967D-5AF34AFE9C6A}"
EndProject
Project("{9A19103F-16F7-4668-BE54-9A1E7A4F7556}") = "CoyoteNETCore.Shared", "CoyoteNETCore.Shared\CoyoteNETCore.Shared.csproj", "{E737B464-C0C8-4B5C-9E61-7F842FE1A393}"
EndProject
Project("{9A19103F-16F7-4668-BE54-9A1E7A4F7556}") = "CoyoteNETCore.Services", "CoyoteNETCore.Services\CoyoteNETCore.Services.csproj", "{4BB14C11-E7AA-4F84-A370-0EA6BB64D50A}"
EndProject
Project("{9A19103F-16F7-4668-BE54-9A1E7A4F7556}") = "CoyoteNETCore.DAL", "CoyoteNETCore.DAL\CoyoteNETCore.DAL.csproj", "{1E41242D-2A9F-4B35-AA23-6199A6B1F9F6}"
EndProject
Project("{9A19103F-16F7-4668-BE54-9A1E7A4F7556}") = "CoyoteNETCore.Tests", "CoyoteNETCore.Tests\CoyoteNETCore.Tests.csproj", "{BB8607E3-0936-4ACD-B560-A79833C88A23}"
EndProject
Project("{FAE04EC0-301F-11D3-BF4B-00C04F79EFBC}") = "CoyoteNetCore.Api", "CoyoteNetCore.Api\CoyoteNetCore.Api.csproj", "{9F9D50DC-9CFB-407B-8404-6EBB81359DD6}"
EndProject
Global
	GlobalSection(SolutionConfigurationPlatforms) = preSolution
		Debug|Any CPU = Debug|Any CPU
		Debug|x64 = Debug|x64
		Debug|x86 = Debug|x86
		Release|Any CPU = Release|Any CPU
		Release|x64 = Release|x64
		Release|x86 = Release|x86
	EndGlobalSection
	GlobalSection(ProjectConfigurationPlatforms) = postSolution
		{2CC31A68-1E0D-476B-967D-5AF34AFE9C6A}.Debug|Any CPU.ActiveCfg = Debug|Any CPU
		{2CC31A68-1E0D-476B-967D-5AF34AFE9C6A}.Debug|Any CPU.Build.0 = Debug|Any CPU
		{2CC31A68-1E0D-476B-967D-5AF34AFE9C6A}.Debug|x64.ActiveCfg = Debug|Any CPU
		{2CC31A68-1E0D-476B-967D-5AF34AFE9C6A}.Debug|x64.Build.0 = Debug|Any CPU
		{2CC31A68-1E0D-476B-967D-5AF34AFE9C6A}.Debug|x86.ActiveCfg = Debug|Any CPU
		{2CC31A68-1E0D-476B-967D-5AF34AFE9C6A}.Debug|x86.Build.0 = Debug|Any CPU
		{2CC31A68-1E0D-476B-967D-5AF34AFE9C6A}.Release|Any CPU.ActiveCfg = Release|Any CPU
		{2CC31A68-1E0D-476B-967D-5AF34AFE9C6A}.Release|Any CPU.Build.0 = Release|Any CPU
		{2CC31A68-1E0D-476B-967D-5AF34AFE9C6A}.Release|x64.ActiveCfg = Release|Any CPU
		{2CC31A68-1E0D-476B-967D-5AF34AFE9C6A}.Release|x64.Build.0 = Release|Any CPU
		{2CC31A68-1E0D-476B-967D-5AF34AFE9C6A}.Release|x86.ActiveCfg = Release|Any CPU
		{2CC31A68-1E0D-476B-967D-5AF34AFE9C6A}.Release|x86.Build.0 = Release|Any CPU
		{E737B464-C0C8-4B5C-9E61-7F842FE1A393}.Debug|Any CPU.ActiveCfg = Debug|Any CPU
		{E737B464-C0C8-4B5C-9E61-7F842FE1A393}.Debug|Any CPU.Build.0 = Debug|Any CPU
		{E737B464-C0C8-4B5C-9E61-7F842FE1A393}.Debug|x64.ActiveCfg = Debug|Any CPU
		{E737B464-C0C8-4B5C-9E61-7F842FE1A393}.Debug|x64.Build.0 = Debug|Any CPU
		{E737B464-C0C8-4B5C-9E61-7F842FE1A393}.Debug|x86.ActiveCfg = Debug|Any CPU
		{E737B464-C0C8-4B5C-9E61-7F842FE1A393}.Debug|x86.Build.0 = Debug|Any CPU
		{E737B464-C0C8-4B5C-9E61-7F842FE1A393}.Release|Any CPU.ActiveCfg = Release|Any CPU
		{E737B464-C0C8-4B5C-9E61-7F842FE1A393}.Release|Any CPU.Build.0 = Release|Any CPU
		{E737B464-C0C8-4B5C-9E61-7F842FE1A393}.Release|x64.ActiveCfg = Release|Any CPU
		{E737B464-C0C8-4B5C-9E61-7F842FE1A393}.Release|x64.Build.0 = Release|Any CPU
		{E737B464-C0C8-4B5C-9E61-7F842FE1A393}.Release|x86.ActiveCfg = Release|Any CPU
		{E737B464-C0C8-4B5C-9E61-7F842FE1A393}.Release|x86.Build.0 = Release|Any CPU
		{4BB14C11-E7AA-4F84-A370-0EA6BB64D50A}.Debug|Any CPU.ActiveCfg = Debug|Any CPU
		{4BB14C11-E7AA-4F84-A370-0EA6BB64D50A}.Debug|Any CPU.Build.0 = Debug|Any CPU
		{4BB14C11-E7AA-4F84-A370-0EA6BB64D50A}.Debug|x64.ActiveCfg = Debug|Any CPU
		{4BB14C11-E7AA-4F84-A370-0EA6BB64D50A}.Debug|x64.Build.0 = Debug|Any CPU
		{4BB14C11-E7AA-4F84-A370-0EA6BB64D50A}.Debug|x86.ActiveCfg = Debug|Any CPU
		{4BB14C11-E7AA-4F84-A370-0EA6BB64D50A}.Debug|x86.Build.0 = Debug|Any CPU
		{4BB14C11-E7AA-4F84-A370-0EA6BB64D50A}.Release|Any CPU.ActiveCfg = Release|Any CPU
		{4BB14C11-E7AA-4F84-A370-0EA6BB64D50A}.Release|Any CPU.Build.0 = Release|Any CPU
		{4BB14C11-E7AA-4F84-A370-0EA6BB64D50A}.Release|x64.ActiveCfg = Release|Any CPU
		{4BB14C11-E7AA-4F84-A370-0EA6BB64D50A}.Release|x64.Build.0 = Release|Any CPU
		{4BB14C11-E7AA-4F84-A370-0EA6BB64D50A}.Release|x86.ActiveCfg = Release|Any CPU
		{4BB14C11-E7AA-4F84-A370-0EA6BB64D50A}.Release|x86.Build.0 = Release|Any CPU
		{1E41242D-2A9F-4B35-AA23-6199A6B1F9F6}.Debug|Any CPU.ActiveCfg = Debug|Any CPU
		{1E41242D-2A9F-4B35-AA23-6199A6B1F9F6}.Debug|Any CPU.Build.0 = Debug|Any CPU
		{1E41242D-2A9F-4B35-AA23-6199A6B1F9F6}.Debug|x64.ActiveCfg = Debug|Any CPU
		{1E41242D-2A9F-4B35-AA23-6199A6B1F9F6}.Debug|x64.Build.0 = Debug|Any CPU
		{1E41242D-2A9F-4B35-AA23-6199A6B1F9F6}.Debug|x86.ActiveCfg = Debug|Any CPU
		{1E41242D-2A9F-4B35-AA23-6199A6B1F9F6}.Debug|x86.Build.0 = Debug|Any CPU
		{1E41242D-2A9F-4B35-AA23-6199A6B1F9F6}.Release|Any CPU.ActiveCfg = Release|Any CPU
		{1E41242D-2A9F-4B35-AA23-6199A6B1F9F6}.Release|Any CPU.Build.0 = Release|Any CPU
		{1E41242D-2A9F-4B35-AA23-6199A6B1F9F6}.Release|x64.ActiveCfg = Release|Any CPU
		{1E41242D-2A9F-4B35-AA23-6199A6B1F9F6}.Release|x64.Build.0 = Release|Any CPU
		{1E41242D-2A9F-4B35-AA23-6199A6B1F9F6}.Release|x86.ActiveCfg = Release|Any CPU
		{1E41242D-2A9F-4B35-AA23-6199A6B1F9F6}.Release|x86.Build.0 = Release|Any CPU
		{BB8607E3-0936-4ACD-B560-A79833C88A23}.Debug|Any CPU.ActiveCfg = Debug|Any CPU
		{BB8607E3-0936-4ACD-B560-A79833C88A23}.Debug|Any CPU.Build.0 = Debug|Any CPU
		{BB8607E3-0936-4ACD-B560-A79833C88A23}.Debug|x64.ActiveCfg = Debug|Any CPU
		{BB8607E3-0936-4ACD-B560-A79833C88A23}.Debug|x64.Build.0 = Debug|Any CPU
		{BB8607E3-0936-4ACD-B560-A79833C88A23}.Debug|x86.ActiveCfg = Debug|Any CPU
		{BB8607E3-0936-4ACD-B560-A79833C88A23}.Debug|x86.Build.0 = Debug|Any CPU
		{BB8607E3-0936-4ACD-B560-A79833C88A23}.Release|Any CPU.ActiveCfg = Release|Any CPU
		{BB8607E3-0936-4ACD-B560-A79833C88A23}.Release|Any CPU.Build.0 = Release|Any CPU
		{BB8607E3-0936-4ACD-B560-A79833C88A23}.Release|x64.ActiveCfg = Release|Any CPU
		{BB8607E3-0936-4ACD-B560-A79833C88A23}.Release|x64.Build.0 = Release|Any CPU
		{BB8607E3-0936-4ACD-B560-A79833C88A23}.Release|x86.ActiveCfg = Release|Any CPU
		{BB8607E3-0936-4ACD-B560-A79833C88A23}.Release|x86.Build.0 = Release|Any CPU
		{9F9D50DC-9CFB-407B-8404-6EBB81359DD6}.Debug|Any CPU.ActiveCfg = Debug|Any CPU
		{9F9D50DC-9CFB-407B-8404-6EBB81359DD6}.Debug|Any CPU.Build.0 = Debug|Any CPU
		{9F9D50DC-9CFB-407B-8404-6EBB81359DD6}.Debug|x64.ActiveCfg = Debug|Any CPU
		{9F9D50DC-9CFB-407B-8404-6EBB81359DD6}.Debug|x64.Build.0 = Debug|Any CPU
		{9F9D50DC-9CFB-407B-8404-6EBB81359DD6}.Debug|x86.ActiveCfg = Debug|Any CPU
		{9F9D50DC-9CFB-407B-8404-6EBB81359DD6}.Debug|x86.Build.0 = Debug|Any CPU
		{9F9D50DC-9CFB-407B-8404-6EBB81359DD6}.Release|Any CPU.ActiveCfg = Release|Any CPU
		{9F9D50DC-9CFB-407B-8404-6EBB81359DD6}.Release|Any CPU.Build.0 = Release|Any CPU
		{9F9D50DC-9CFB-407B-8404-6EBB81359DD6}.Release|x64.ActiveCfg = Release|Any CPU
		{9F9D50DC-9CFB-407B-8404-6EBB81359DD6}.Release|x64.Build.0 = Release|Any CPU
		{9F9D50DC-9CFB-407B-8404-6EBB81359DD6}.Release|x86.ActiveCfg = Release|Any CPU
		{9F9D50DC-9CFB-407B-8404-6EBB81359DD6}.Release|x86.Build.0 = Release|Any CPU
	EndGlobalSection
	GlobalSection(SolutionProperties) = preSolution
		HideSolutionNode = FALSE
	EndGlobalSection
	GlobalSection(ExtensibilityGlobals) = postSolution
		SolutionGuid = {63B58D20-A2B7-4E73-9AC3-5233AE59B0A5}
	EndGlobalSection
EndGlobal
